
Microsoft Visual Studio Solution File, Format Version 12.00
# Visual Studio Version 17
VisualStudioVersion = 17.9.34616.47
MinimumVisualStudioVersion = 10.0.40219.1
Project("{FAE04EC0-301F-11D3-BF4B-00C04F79EFBC}") = "api", "api.csproj", "{9ED9A811-0551-48B9-A9BE-B605C652BBAA}"
EndProject
Global
	GlobalSection(SolutionConfigurationPlatforms) = preSolution
		Debug|Any CPU = Debug|Any CPU
		Release|Any CPU = Release|Any CPU
	EndGlobalSection
	GlobalSection(ProjectConfigurationPlatforms) = postSolution
		{9ED9A811-0551-48B9-A9BE-B605C652BBAA}.Debug|Any CPU.ActiveCfg = Debug|Any CPU
		{9ED9A811-0551-48B9-A9BE-B605C652BBAA}.Debug|Any CPU.Build.0 = Debug|Any CPU
		{9ED9A811-0551-48B9-A9BE-B605C652BBAA}.Release|Any CPU.ActiveCfg = Release|Any CPU
		{9ED9A811-0551-48B9-A9BE-B605C652BBAA}.Release|Any CPU.Build.0 = Release|Any CPU
	EndGlobalSection
	GlobalSection(SolutionProperties) = preSolution
		HideSolutionNode = FALSE
	EndGlobalSection
	GlobalSection(ExtensibilityGlobals) = postSolution
		SolutionGuid = {5E1331D3-29A0-4F37-BD34-95A3D542B62A}
	EndGlobalSection
EndGlobal
